// !$*UTF8*$!
{
	archiveVersion = 1;
	classes = {
	};
	objectVersion = 46;
	objects = {

/* Begin PBXBuildFile section */
		05893ECD1BF993A200156840 /* AppDelegate.swift in Sources */ = {isa = PBXBuildFile; fileRef = 05893ECC1BF993A200156840 /* AppDelegate.swift */; };
		05893ECF1BF993A200156840 /* ViewController.swift in Sources */ = {isa = PBXBuildFile; fileRef = 05893ECE1BF993A200156840 /* ViewController.swift */; };
		05893ED21BF993A200156840 /* Main.storyboard in Resources */ = {isa = PBXBuildFile; fileRef = 05893ED01BF993A200156840 /* Main.storyboard */; };
		05893ED41BF993A200156840 /* Assets.xcassets in Resources */ = {isa = PBXBuildFile; fileRef = 05893ED31BF993A200156840 /* Assets.xcassets */; };
		05893ED71BF993A200156840 /* LaunchScreen.storyboard in Resources */ = {isa = PBXBuildFile; fileRef = 05893ED51BF993A200156840 /* LaunchScreen.storyboard */; };
/* End PBXBuildFile section */

/* Begin PBXFileReference section */
		05893EC91BF993A200156840 /* openLibraryGit.app */ = {isa = PBXFileReference; explicitFileType = wrapper.application; includeInIndex = 0; path = openLibraryGit.app; sourceTree = BUILT_PRODUCTS_DIR; };
		05893ECC1BF993A200156840 /* AppDelegate.swift */ = {isa = PBXFileReference; lastKnownFileType = sourcecode.swift; path = AppDelegate.swift; sourceTree = "<group>"; };
		05893ECE1BF993A200156840 /* ViewController.swift */ = {isa = PBXFileReference; lastKnownFileType = sourcecode.swift; path = ViewController.swift; sourceTree = "<group>"; };
		05893ED11BF993A200156840 /* Base */ = {isa = PBXFileReference; lastKnownFileType = file.storyboard; name = Base; path = Base.lproj/Main.storyboard; sourceTree = "<group>"; };
		05893ED31BF993A200156840 /* Assets.xcassets */ = {isa = PBXFileReference; lastKnownFileType = folder.assetcatalog; path = Assets.xcassets; sourceTree = "<group>"; };
		05893ED61BF993A200156840 /* Base */ = {isa = PBXFileReference; lastKnownFileType = file.storyboard; name = Base; path = Base.lproj/LaunchScreen.storyboard; sourceTree = "<group>"; };
		05893ED81BF993A200156840 /* Info.plist */ = {isa = PBXFileReference; lastKnownFileType = text.plist.xml; path = Info.plist; sourceTree = "<group>"; };
/* End PBXFileReference section */

/* Begin PBXFrameworksBuildPhase section */
		05893EC61BF993A200156840 /* Frameworks */ = {
			isa = PBXFrameworksBuildPhase;
			buildActionMask = 2147483647;
			files = (
			);
			runOnlyForDeploymentPostprocessing = 0;
		};
/* End PBXFrameworksBuildPhase section */

/* Begin PBXGroup section */
		05893EC01BF993A200156840 = {
			isa = PBXGroup;
			children = (
				05893ECB1BF993A200156840 /* openLibraryGit */,
				05893ECA1BF993A200156840 /* Products */,
			);
			sourceTree = "<group>";
		};
		05893ECA1BF993A200156840 /* Products */ = {
			isa = PBXGroup;
			children = (
				05893EC91BF993A200156840 /* openLibraryGit.app */,
			);
			name = Products;
			sourceTree = "<group>";
		};
		05893ECB1BF993A200156840 /* openLibraryGit */ = {
			isa = PBXGroup;
			children = (
				05893ECC1BF993A200156840 /* AppDelegate.swift */,
				05893ECE1BF993A200156840 /* ViewController.swift */,
				05893ED01BF993A200156840 /* Main.storyboard */,
				05893ED31BF993A200156840 /* Assets.xcassets */,
				05893ED51BF993A200156840 /* LaunchScreen.storyboard */,
				05893ED81BF993A200156840 /* Info.plist */,
			);
			path = openLibraryGit;
			sourceTree = "<group>";
		};
/* End PBXGroup section */

/* Begin PBXNativeTarget section */
		05893EC81BF993A200156840 /* openLibraryGit */ = {
			isa = PBXNativeTarget;
			buildConfigurationList = 05893EDB1BF993A200156840 /* Build configuration list for PBXNativeTarget "openLibraryGit" */;
			buildPhases = (
				05893EC51BF993A200156840 /* Sources */,
				05893EC61BF993A200156840 /* Frameworks */,
				05893EC71BF993A200156840 /* Resources */,
			);
			buildRules = (
			);
			dependencies = (
			);
			name = openLibraryGit;
			productName = openLibraryGit;
			productReference = 05893EC91BF993A200156840 /* openLibraryGit.app */;
			productType = "com.apple.product-type.application";
		};
/* End PBXNativeTarget section */

/* Begin PBXProject section */
		05893EC11BF993A200156840 /* Project object */ = {
			isa = PBXProject;
			attributes = {
				LastSwiftUpdateCheck = 0710;
				LastUpgradeCheck = 0710;
				ORGANIZATIONNAME = adappsa;
				TargetAttributes = {
					05893EC81BF993A200156840 = {
						CreatedOnToolsVersion = 7.1;
						DevelopmentTeam = 97F73UC9UT;
					};
				};
			};
			buildConfigurationList = 05893EC41BF993A200156840 /* Build configuration list for PBXProject "openLibraryGit" */;
			compatibilityVersion = "Xcode 3.2";
			developmentRegion = English;
			hasScannedForEncodings = 0;
			knownRegions = (
				en,
				Base,
			);
			mainGroup = 05893EC01BF993A200156840;
			productRefGroup = 05893ECA1BF993A200156840 /* Products */;
			projectDirPath = "";
			projectRoot = "";
			targets = (
				05893EC81BF993A200156840 /* openLibraryGit */,
			);
		};
/* End PBXProject section */

/* Begin PBXResourcesBuildPhase section */
		05893EC71BF993A200156840 /* Resources */ = {
			isa = PBXResourcesBuildPhase;
			buildActionMask = 2147483647;
			files = (
				05893ED71BF993A200156840 /* LaunchScreen.storyboard in Resources */,
				05893ED41BF993A200156840 /* Assets.xcassets in Resources */,
				05893ED21BF993A200156840 /* Main.storyboard in Resources */,
			);
			runOnlyForDeploymentPostprocessing = 0;
		};
/* End PBXResourcesBuildPhase section */

/* Begin PBXSourcesBuildPhase section */
		05893EC51BF993A200156840 /* Sources */ = {
			isa = PBXSourcesBuildPhase;
			buildActionMask = 2147483647;
			files = (
				05893ECF1BF993A200156840 /* ViewController.swift in Sources */,
				05893ECD1BF993A200156840 /* AppDelegate.swift in Sources */,
			);
			runOnlyForDeploymentPostprocessing = 0;
		};
/* End PBXSourcesBuildPhase section */

/* Begin PBXVariantGroup section */
		05893ED01BF993A200156840 /* Main.storyboard */ = {
			isa = PBXVariantGroup;
			children = (
				05893ED11BF993A200156840 /* Base */,
			);
			name = Main.storyboard;
			sourceTree = "<group>";
		};
		05893ED51BF993A200156840 /* LaunchScreen.storyboard */ = {
			isa = PBXVariantGroup;
			children = (
				05893ED61BF993A200156840 /* Base */,
			);
			name = LaunchScreen.storyboard;
			sourceTree = "<group>";
		};
/* End PBXVariantGroup section */

/* Begin XCBuildConfiguration section */
		05893ED91BF993A200156840 /* Debug */ = {
			isa = XCBuildConfiguration;
			buildSettings = {
				ALWAYS_SEARCH_USER_PATHS = NO;
				CLANG_CXX_LANGUAGE_STANDARD = "gnu++0x";
				CLANG_CXX_LIBRARY = "libc++";
				CLANG_ENABLE_MODULES = YES;
				CLANG_ENABLE_OBJC_ARC = YES;
				CLANG_WARN_BOOL_CONVERSION = YES;
				CLANG_WARN_CONSTANT_CONVERSION = YES;
				CLANG_WARN_DIRECT_OBJC_ISA_USAGE = YES_ERROR;
				CLANG_WARN_EMPTY_BODY = YES;
				CLANG_WARN_ENUM_CONVERSION = YES;
				CLANG_WARN_INT_CONVERSION = YES;
				CLANG_WARN_OBJC_ROOT_CLASS = YES_ERROR;
				CLANG_WARN_UNREACHABLE_CODE = YES;
				CLANG_WARN__DUPLICATE_METHOD_MATCH = YES;
				"CODE_SIGN_IDENTITY[sdk=iphoneos*]" = "iPhone Developer";
				COPY_PHASE_STRIP = NO;
				DEBUG_INFORMATION_FORMAT = dwarf;
				ENABLE_STRICT_OBJC_MSGSEND = YES;
				ENABLE_TESTABILITY = YES;
				GCC_C_LANGUAGE_STANDARD = gnu99;
				GCC_DYNAMIC_NO_PIC = NO;
				GCC_NO_COMMON_BLOCKS = YES;
				GCC_OPTIMIZATION_LEVEL = 0;
				GCC_PREPROCESSOR_DEFINITIONS = (
					"DEBUG=1",
					"$(inherited)",
				);
				GCC_WARN_64_TO_32_BIT_CONVERSION = YES;
				GCC_WARN_ABOUT_RETURN_TYPE = YES_ERROR;
				GCC_WARN_UNDECLARED_SELECTOR = YES;
				GCC_WARN_UNINITIALIZED_AUTOS = YES_AGGRESSIVE;
				GCC_WARN_UNUSED_FUNCTION = YES;
				GCC_WARN_UNUSED_VARIABLE = YES;
				IPHONEOS_DEPLOYMENT_TARGET = 9.1;
				MTL_ENABLE_DEBUG_INFO = YES;
				ONLY_ACTIVE_ARCH = YES;
				SDKROOT = iphoneos;
				SWIFT_OPTIMIZATION_LEVEL = "-Onone";
			};
			name = Debug;
		};
		05893EDA1BF993A200156840 /* Release */ = {
			isa = XCBuildConfiguration;
			buildSettings = {
				ALWAYS_SEARCH_USER_PATHS = NO;
				CLANG_CXX_LANGUAGE_STANDARD = "gnu++0x";
				CLANG_CXX_LIBRARY = "libc++";
				CLANG_ENABLE_MODULES = YES;
				CLANG_ENABLE_OBJC_ARC = YES;
				CLANG_WARN_BOOL_CONVERSION = YES;
				CLANG_WARN_CONSTANT_CONVERSION = YES;
				CLANG_WARN_DIRECT_OBJC_ISA_USAGE = YES_ERROR;
				CLANG_WARN_EMPTY_BODY = YES;
				CLANG_WARN_ENUM_CONVERSION = YES;
				CLANG_WARN_INT_CONVERSION = YES;
				CLANG_WARN_OBJC_ROOT_CLASS = YES_ERROR;
				CLANG_WARN_UNREACHABLE_CODE = YES;
				CLANG_WARN__DUPLICATE_METHOD_MATCH = YES;
				"CODE_SIGN_IDENTITY[sdk=iphoneos*]" = "iPhone Developer";
				COPY_PHASE_STRIP = NO;
				DEBUG_INFORMATION_FORMAT = "dwarf-with-dsym";
				ENABLE_NS_ASSERTIONS = NO;
				ENABLE_STRICT_OBJC_MSGSEND = YES;
				GCC_C_LANGUAGE_STANDARD = gnu99;
				GCC_NO_COMMON_BLOCKS = YES;
				GCC_WARN_64_TO_32_BIT_CONVERSION = YES;
				GCC_WARN_ABOUT_RETURN_TYPE = YES_ERROR;
				GCC_WARN_UNDECLARED_SELECTOR = YES;
				GCC_WARN_UNINITIALIZED_AUTOS = YES_AGGRESSIVE;
				GCC_WARN_UNUSED_FUNCTION = YES;
				GCC_WARN_UNUSED_VARIABLE = YES;
				IPHONEOS_DEPLOYMENT_TARGET = 9.1;
				MTL_ENABLE_DEBUG_INFO = NO;
				SDKROOT = iphoneos;
				VALIDATE_PRODUCT = YES;
			};
			name = Release;
		};
		05893EDC1BF993A200156840 /* Debug */ = {
			isa = XCBuildConfiguration;
			buildSettings = {
				ASSETCATALOG_COMPILER_APPICON_NAME = AppIcon;
				INFOPLIST_FILE = openLibraryGit/Info.plist;
				LD_RUNPATH_SEARCH_PATHS = "$(inherited) @executable_path/Frameworks";
				PRODUCT_BUNDLE_IDENTIFIER = com.adappsa.openLibraryGit;
				PRODUCT_NAME = "$(TARGET_NAME)";
			};
			name = Debug;
		};
		05893EDD1BF993A200156840 /* Release */ = {
			isa = XCBuildConfiguration;
			buildSettings = {
				ASSETCATALOG_COMPILER_APPICON_NAME = AppIcon;
				INFOPLIST_FILE = openLibraryGit/Info.plist;
				LD_RUNPATH_SEARCH_PATHS = "$(inherited) @executable_path/Frameworks";
				PRODUCT_BUNDLE_IDENTIFIER = com.adappsa.openLibraryGit;
				PRODUCT_NAME = "$(TARGET_NAME)";
			};
			name = Release;
		};
/* End XCBuildConfiguration section */

/* Begin XCConfigurationList section */
		05893EC41BF993A200156840 /* Build configuration list for PBXProject "openLibraryGit" */ = {
			isa = XCConfigurationList;
			buildConfigurations = (
				05893ED91BF993A200156840 /* Debug */,
				05893EDA1BF993A200156840 /* Release */,
			);
			defaultConfigurationIsVisible = 0;
			defaultConfigurationName = Release;
		};
		05893EDB1BF993A200156840 /* Build configuration list for PBXNativeTarget "openLibraryGit" */ = {
			isa = XCConfigurationList;
			buildConfigurations = (
				05893EDC1BF993A200156840 /* Debug */,
				05893EDD1BF993A200156840 /* Release */,
			);
			defaultConfigurationIsVisible = 0;
		};
/* End XCConfigurationList section */
	};
	rootObject = 05893EC11BF993A200156840 /* Project object */;
}
